
Microsoft Visual Studio Solution File, Format Version 12.00
# Visual Studio Version 16
VisualStudioVersion = 16.0.29215.179
MinimumVisualStudioVersion = 10.0.40219.1
Project("{00D1A9C2-B5F0-4AF3-8072-F6C62B433612}") = "NewOrleansLodging", "NewOrleansLodging.sqlproj", "{D71849A3-AB00-4656-9AD8-378065D1BACF}"
EndProject
Global
	GlobalSection(SolutionConfigurationPlatforms) = preSolution
		Debug|Any CPU = Debug|Any CPU
		Release|Any CPU = Release|Any CPU
	EndGlobalSection
	GlobalSection(ProjectConfigurationPlatforms) = postSolution
		{D71849A3-AB00-4656-9AD8-378065D1BACF}.Debug|Any CPU.ActiveCfg = Debug|Any CPU
		{D71849A3-AB00-4656-9AD8-378065D1BACF}.Debug|Any CPU.Build.0 = Debug|Any CPU
		{D71849A3-AB00-4656-9AD8-378065D1BACF}.Debug|Any CPU.Deploy.0 = Debug|Any CPU
		{D71849A3-AB00-4656-9AD8-378065D1BACF}.Release|Any CPU.ActiveCfg = Release|Any CPU
		{D71849A3-AB00-4656-9AD8-378065D1BACF}.Release|Any CPU.Build.0 = Release|Any CPU
		{D71849A3-AB00-4656-9AD8-378065D1BACF}.Release|Any CPU.Deploy.0 = Release|Any CPU
	EndGlobalSection
	GlobalSection(SolutionProperties) = preSolution
		HideSolutionNode = FALSE
	EndGlobalSection
	GlobalSection(ExtensibilityGlobals) = postSolution
		SolutionGuid = {4B38E764-1454-4888-B3C0-3A58CD54A785}
	EndGlobalSection
EndGlobal
